# This file is automatically @generated by Cargo.
# It is not intended for manual editing.
version = 3

[[package]]
name = "avt"
version = "0.0.2"
dependencies = [
 "log",
 "rgb",
]

[[package]]
name = "bytemuck"
version = "1.17.0"
source = "registry+https://github.com/rust-lang/crates.io-index"
checksum = "6fd4c6dcc3b0aea2f5c0b4b82c2b15fe39ddbc76041a310848f4706edf76bb31"

[[package]]
name = "log"
version = "0.4.22"
source = "registry+https://github.com/rust-lang/crates.io-index"
checksum = "a7a70ba024b9dc04c27ea2f0c0548feb474ec5c54bba33a7f72f873a39d07b24"

[[package]]
name = "rgb"
version = "0.8.48"
source = "registry+https://github.com/rust-lang/crates.io-index"
checksum = "0f86ae463694029097b846d8f99fd5536740602ae00022c0c50c5600720b2f71"
dependencies = [
 "bytemuck",
]
